
Microsoft Visual Studio Solution File, Format Version 12.00
# Visual Studio 14
VisualStudioVersion = 14.0.25420.1
MinimumVisualStudioVersion = 10.0.40219.1
Project("{FAE04EC0-301F-11D3-BF4B-00C04F79EFBC}") = "TCore", "TCore\TCore.csproj", "{565B2E82-C189-4D70-89DA-4DCF38550112}"
EndProject
Project("{FAE04EC0-301F-11D3-BF4B-00C04F79EFBC}") = "TCore.UniversalApp", "TCore.UniversalApp\TCore.UniversalApp.csproj", "{36FEFA56-D0F9-46F1-94AD-9D45753F47B2}"
EndProject
Project("{FAE04EC0-301F-11D3-BF4B-00C04F79EFBC}") = "TestApp", "TestApp\TestApp.csproj", "{C353FED0-0BDB-44CD-9B4A-687A80BA3AF7}"
EndProject
Global
	GlobalSection(SolutionConfigurationPlatforms) = preSolution
		Debug|Any CPU = Debug|Any CPU
		Debug|ARM = Debug|ARM
		Debug|x64 = Debug|x64
		Debug|x86 = Debug|x86
		Release|Any CPU = Release|Any CPU
		Release|ARM = Release|ARM
		Release|x64 = Release|x64
		Release|x86 = Release|x86
	EndGlobalSection
	GlobalSection(ProjectConfigurationPlatforms) = postSolution
		{565B2E82-C189-4D70-89DA-4DCF38550112}.Debug|Any CPU.ActiveCfg = Debug|Any CPU
		{565B2E82-C189-4D70-89DA-4DCF38550112}.Debug|Any CPU.Build.0 = Debug|Any CPU
		{565B2E82-C189-4D70-89DA-4DCF38550112}.Debug|ARM.ActiveCfg = Debug|Any CPU
		{565B2E82-C189-4D70-89DA-4DCF38550112}.Debug|ARM.Build.0 = Debug|Any CPU
		{565B2E82-C189-4D70-89DA-4DCF38550112}.Debug|x64.ActiveCfg = Debug|Any CPU
		{565B2E82-C189-4D70-89DA-4DCF38550112}.Debug|x64.Build.0 = Debug|Any CPU
		{565B2E82-C189-4D70-89DA-4DCF38550112}.Debug|x86.ActiveCfg = Debug|Any CPU
		{565B2E82-C189-4D70-89DA-4DCF38550112}.Debug|x86.Build.0 = Debug|Any CPU
		{565B2E82-C189-4D70-89DA-4DCF38550112}.Release|Any CPU.ActiveCfg = Release|Any CPU
		{565B2E82-C189-4D70-89DA-4DCF38550112}.Release|Any CPU.Build.0 = Release|Any CPU
		{565B2E82-C189-4D70-89DA-4DCF38550112}.Release|ARM.ActiveCfg = Release|Any CPU
		{565B2E82-C189-4D70-89DA-4DCF38550112}.Release|ARM.Build.0 = Release|Any CPU
		{565B2E82-C189-4D70-89DA-4DCF38550112}.Release|x64.ActiveCfg = Release|Any CPU
		{565B2E82-C189-4D70-89DA-4DCF38550112}.Release|x64.Build.0 = Release|Any CPU
		{565B2E82-C189-4D70-89DA-4DCF38550112}.Release|x86.ActiveCfg = Release|Any CPU
		{565B2E82-C189-4D70-89DA-4DCF38550112}.Release|x86.Build.0 = Release|Any CPU
		{36FEFA56-D0F9-46F1-94AD-9D45753F47B2}.Debug|Any CPU.ActiveCfg = Debug|Any CPU
		{36FEFA56-D0F9-46F1-94AD-9D45753F47B2}.Debug|Any CPU.Build.0 = Debug|Any CPU
		{36FEFA56-D0F9-46F1-94AD-9D45753F47B2}.Debug|ARM.ActiveCfg = Debug|ARM
		{36FEFA56-D0F9-46F1-94AD-9D45753F47B2}.Debug|ARM.Build.0 = Debug|ARM
		{36FEFA56-D0F9-46F1-94AD-9D45753F47B2}.Debug|x64.ActiveCfg = Debug|x64
		{36FEFA56-D0F9-46F1-94AD-9D45753F47B2}.Debug|x64.Build.0 = Debug|x64
		{36FEFA56-D0F9-46F1-94AD-9D45753F47B2}.Debug|x86.ActiveCfg = Debug|x86
		{36FEFA56-D0F9-46F1-94AD-9D45753F47B2}.Debug|x86.Build.0 = Debug|x86
		{36FEFA56-D0F9-46F1-94AD-9D45753F47B2}.Release|Any CPU.ActiveCfg = Release|Any CPU
		{36FEFA56-D0F9-46F1-94AD-9D45753F47B2}.Release|Any CPU.Build.0 = Release|Any CPU
		{36FEFA56-D0F9-46F1-94AD-9D45753F47B2}.Release|ARM.ActiveCfg = Release|ARM
		{36FEFA56-D0F9-46F1-94AD-9D45753F47B2}.Release|ARM.Build.0 = Release|ARM
		{36FEFA56-D0F9-46F1-94AD-9D45753F47B2}.Release|x64.ActiveCfg = Release|x64
		{36FEFA56-D0F9-46F1-94AD-9D45753F47B2}.Release|x64.Build.0 = Release|x64
		{36FEFA56-D0F9-46F1-94AD-9D45753F47B2}.Release|x86.ActiveCfg = Release|x86
		{36FEFA56-D0F9-46F1-94AD-9D45753F47B2}.Release|x86.Build.0 = Release|x86
		{C353FED0-0BDB-44CD-9B4A-687A80BA3AF7}.Debug|Any CPU.ActiveCfg = Debug|x86
		{C353FED0-0BDB-44CD-9B4A-687A80BA3AF7}.Debug|ARM.ActiveCfg = Debug|ARM
		{C353FED0-0BDB-44CD-9B4A-687A80BA3AF7}.Debug|ARM.Build.0 = Debug|ARM
		{C353FED0-0BDB-44CD-9B4A-687A80BA3AF7}.Debug|ARM.Deploy.0 = Debug|ARM
		{C353FED0-0BDB-44CD-9B4A-687A80BA3AF7}.Debug|x64.ActiveCfg = Debug|x64
		{C353FED0-0BDB-44CD-9B4A-687A80BA3AF7}.Debug|x64.Build.0 = Debug|x64
		{C353FED0-0BDB-44CD-9B4A-687A80BA3AF7}.Debug|x64.Deploy.0 = Debug|x64
		{C353FED0-0BDB-44CD-9B4A-687A80BA3AF7}.Debug|x86.ActiveCfg = Debug|x86
		{C353FED0-0BDB-44CD-9B4A-687A80BA3AF7}.Debug|x86.Build.0 = Debug|x86
		{C353FED0-0BDB-44CD-9B4A-687A80BA3AF7}.Debug|x86.Deploy.0 = Debug|x86
		{C353FED0-0BDB-44CD-9B4A-687A80BA3AF7}.Release|Any CPU.ActiveCfg = Release|x86
		{C353FED0-0BDB-44CD-9B4A-687A80BA3AF7}.Release|ARM.ActiveCfg = Release|ARM
		{C353FED0-0BDB-44CD-9B4A-687A80BA3AF7}.Release|ARM.Build.0 = Release|ARM
		{C353FED0-0BDB-44CD-9B4A-687A80BA3AF7}.Release|ARM.Deploy.0 = Release|ARM
		{C353FED0-0BDB-44CD-9B4A-687A80BA3AF7}.Release|x64.ActiveCfg = Release|x64
		{C353FED0-0BDB-44CD-9B4A-687A80BA3AF7}.Release|x64.Build.0 = Release|x64
		{C353FED0-0BDB-44CD-9B4A-687A80BA3AF7}.Release|x64.Deploy.0 = Release|x64
		{C353FED0-0BDB-44CD-9B4A-687A80BA3AF7}.Release|x86.ActiveCfg = Release|x86
		{C353FED0-0BDB-44CD-9B4A-687A80BA3AF7}.Release|x86.Build.0 = Release|x86
		{C353FED0-0BDB-44CD-9B4A-687A80BA3AF7}.Release|x86.Deploy.0 = Release|x86
	EndGlobalSection
	GlobalSection(SolutionProperties) = preSolution
		HideSolutionNode = FALSE
	EndGlobalSection
EndGlobal
